
Microsoft Visual Studio Solution File, Format Version 12.00
# Visual Studio 14
VisualStudioVersion = 14.0.25420.1
MinimumVisualStudioVersion = 10.0.40219.1
Project("{FAE04EC0-301F-11D3-BF4B-00C04F79EFBC}") = "Day7 (Tanks)", "TanksFight\Day7 (Tanks).csproj", "{60DF34DF-A2CD-4847-BF87-898A98D76F32}"
EndProject
Project("{FAE04EC0-301F-11D3-BF4B-00C04F79EFBC}") = "MyClassLib", "MyClassLib\MyClassLib.csproj", "{123E8615-348D-4E08-B6DC-91DCF5A02491}"
EndProject
Global
	GlobalSection(SolutionConfigurationPlatforms) = preSolution
		Debug|Any CPU = Debug|Any CPU
		Release|Any CPU = Release|Any CPU
	EndGlobalSection
	GlobalSection(ProjectConfigurationPlatforms) = postSolution
		{60DF34DF-A2CD-4847-BF87-898A98D76F32}.Debug|Any CPU.ActiveCfg = Debug|Any CPU
		{60DF34DF-A2CD-4847-BF87-898A98D76F32}.Debug|Any CPU.Build.0 = Debug|Any CPU
		{60DF34DF-A2CD-4847-BF87-898A98D76F32}.Release|Any CPU.ActiveCfg = Release|Any CPU
		{60DF34DF-A2CD-4847-BF87-898A98D76F32}.Release|Any CPU.Build.0 = Release|Any CPU
		{123E8615-348D-4E08-B6DC-91DCF5A02491}.Debug|Any CPU.ActiveCfg = Debug|Any CPU
		{123E8615-348D-4E08-B6DC-91DCF5A02491}.Debug|Any CPU.Build.0 = Debug|Any CPU
		{123E8615-348D-4E08-B6DC-91DCF5A02491}.Release|Any CPU.ActiveCfg = Release|Any CPU
		{123E8615-348D-4E08-B6DC-91DCF5A02491}.Release|Any CPU.Build.0 = Release|Any CPU
	EndGlobalSection
	GlobalSection(SolutionProperties) = preSolution
		HideSolutionNode = FALSE
	EndGlobalSection
EndGlobal
